Microsoft Visual Studio Solution File, Format Version 12.00
# Visual Studio Version 17
VisualStudioVersion = 17.5.2.0
MinimumVisualStudioVersion = 10.0.40219.1
Project("{FAE04EC0-301F-11D3-BF4B-00C04F79EFBC}") = "Scriptum", "Scriptum.csproj", "{667C3365-783D-93E0-09A4-0AEFA4890D68}"
EndProject
Global
	GlobalSection(SolutionConfigurationPlatforms) = preSolution
		Debug|Any CPU = Debug|Any CPU
		Release|Any CPU = Release|Any CPU
	EndGlobalSection
	GlobalSection(ProjectConfigurationPlatforms) = postSolution
		{667C3365-783D-93E0-09A4-0AEFA4890D68}.Debug|Any CPU.ActiveCfg = Debug|Any CPU
		{667C3365-783D-93E0-09A4-0AEFA4890D68}.Debug|Any CPU.Build.0 = Debug|Any CPU
		{667C3365-783D-93E0-09A4-0AEFA4890D68}.Release|Any CPU.ActiveCfg = Release|Any CPU
		{667C3365-783D-93E0-09A4-0AEFA4890D68}.Release|Any CPU.Build.0 = Release|Any CPU
	EndGlobalSection
	GlobalSection(SolutionProperties) = preSolution
		HideSolutionNode = FALSE
	EndGlobalSection
	GlobalSection(ExtensibilityGlobals) = postSolution
		SolutionGuid = {B02F6DD3-1F4D-4643-B9B1-63621560E706}
	EndGlobalSection
EndGlobal
